// !$*UTF8*$!
{
	archiveVersion = 1;
	classes = {
	};
	objectVersion = 54;
	objects = {

/* Begin PBXBuildFile section */
		0C80B921A6F3F58F76C31292 /* libPods-Quezby.a in Frameworks */ = {isa = PBXBuildFile; fileRef = 5DCACB8F33CDC322A6C60F78 /* libPods-Quezby.a */; };
		0CC2164C2DD529D406381931 /* Cairo-SemiBold.ttf in Resources */ = {isa = PBXBuildFile; fileRef = 75B29BB38A6008294B27057C /* Cairo-SemiBold.ttf */; };
		13B07FBF1A68108700A75B9A /* Images.xcassets in Resources */ = {isa = PBXBuildFile; fileRef = 13B07FB51A68108700A75B9A /* Images.xcassets */; };
		25046AE84FBB971E974878EE /* Nunito-Black.ttf in Resources */ = {isa = PBXBuildFile; fileRef = A4040B0656FCD6335C62D399 /* Nunito-Black.ttf */; };
		4BDB570B78CD1DFB6A5B13FD /* InfoPlist.strings in Resources */ = {isa = PBXBuildFile; fileRef = 082800B53256E153D5AA0F55 /* InfoPlist.strings */; };
		62C76BA68E185CA1C91B8648 /* Cairo-Black.ttf in Resources */ = {isa = PBXBuildFile; fileRef = 84530F2E6F210FEC23C8EBDF /* Cairo-Black.ttf */; };
		6E2D9E987C01DB89FC089721 /* QuezbyIntegrity.m in Sources */ = {isa = PBXBuildFile; fileRef = EF313606C6A0AC4C1799DD96 /* QuezbyIntegrity.m */; };
		761780ED2CA45674006654EE /* AppDelegate.swift in Sources */ = {isa = PBXBuildFile; fileRef = 761780EC2CA45674006654EE /* AppDelegate.swift */; };
		7DC8696D15D664D00B820A34 /* Cairo-ExtraBold.ttf in Resources */ = {isa = PBXBuildFile; fileRef = 032B8E3C8CD49DBD292206CB /* Cairo-ExtraBold.ttf */; };
		81AB9BB82411601600AC10FF /* LaunchScreen.storyboard in Resources */ = {isa = PBXBuildFile; fileRef = 81AB9BB72411601600AC10FF /* LaunchScreen.storyboard */; };
		90F895FD825D65128B3291D3 /* Rubik-Black.ttf in Resources */ = {isa = PBXBuildFile; fileRef = EEBB71C9E248F117AAFDC07F /* Rubik-Black.ttf */; };
		994ABBCA01C71933B2CC91DD /* Nunito-Bold.ttf in Resources */ = {isa = PBXBuildFile; fileRef = 8A6D9971EA3C4268DE1FBD2A /* Nunito-Bold.ttf */; };
		A9603E37E51DE20B3985631A /* Nunito-ExtraBold.ttf in Resources */ = {isa = PBXBuildFile; fileRef = 0527CF8F59F65E99F9961F32 /* Nunito-ExtraBold.ttf */; };
		A96A6B82A150A86319EF7397 /* Rubik-ExtraBold.ttf in Resources */ = {isa = PBXBuildFile; fileRef = 0DCCF862C55D8A7316D89355 /* Rubik-ExtraBold.ttf */; };
		BCA771E7CB029749C97B257C /* Cairo-Bold.ttf in Resources */ = {isa = PBXBuildFile; fileRef = A197133355D8D2DB0A521EA5 /* Cairo-Bold.ttf */; };
		C562F44284476F2FC941143F /* Nunito-SemiBold.ttf in Resources */ = {isa = PBXBuildFile; fileRef = 5D624868C62CEBC3F3D73B18 /* Nunito-SemiBold.ttf */; };
		D406DD5B56461C91FECC77A1 /* PrivacyInfo.xcprivacy in Resources */ = {isa = PBXBuildFile; fileRef = 13B07FB81A68108700A75B9A /* PrivacyInfo.xcprivacy */; };
/* End PBXBuildFile section */

/* Begin PBXFileReference section */
		032B8E3C8CD49DBD292206CB /* Cairo-ExtraBold.ttf */ = {isa = PBXFileReference; includeInIndex = 1; lastKnownFileType = file; name = "Cairo-ExtraBold.ttf"; path = "../assets/fonts/Cairo-ExtraBold.ttf"; sourceTree = "<group>"; };
		0527CF8F59F65E99F9961F32 /* Nunito-ExtraBold.ttf */ = {isa = PBXFileReference; includeInIndex = 1; lastKnownFileType = file; name = "Nunito-ExtraBold.ttf"; path = "../assets/fonts/Nunito-ExtraBold.ttf"; sourceTree = "<group>"; };
		0DCCF862C55D8A7316D89355 /* Rubik-ExtraBold.ttf */ = {isa = PBXFileReference; includeInIndex = 1; lastKnownFileType = file; name = "Rubik-ExtraBold.ttf"; path = "../assets/fonts/Rubik-ExtraBold.ttf"; sourceTree = "<group>"; };
		13B07F961A680F5B00A75B9A /* Quezby.app */ = {isa = PBXFileReference; explicitFileType = wrapper.application; includeInIndex = 0; path = Quezby.app; sourceTree = BUILT_PRODUCTS_DIR; };
		13B07FB51A68108700A75B9A /* Images.xcassets */ = {isa = PBXFileReference; lastKnownFileType = folder.assetcatalog; name = Images.xcassets; path = Quezby/Images.xcassets; sourceTree = "<group>"; };
		13B07FB61A68108700A75B9A /* Info.plist */ = {isa = PBXFileReference; fileEncoding = 4; lastKnownFileType = text.plist.xml; name = Info.plist; path = Quezby/Info.plist; sourceTree = "<group>"; };
		13B07FB81A68108700A75B9A /* PrivacyInfo.xcprivacy */ = {isa = PBXFileReference; fileEncoding = 4; lastKnownFileType = text.plist.xml; name = PrivacyInfo.xcprivacy; path = Quezby/PrivacyInfo.xcprivacy; sourceTree = "<group>"; };
		1998605AA1881745395454B1 /* Environment.xcconfig */ = {isa = PBXFileReference; includeInIndex = 1; lastKnownFileType = text.xcconfig; path = Environment.xcconfig; sourceTree = "<group>"; };
		3B4392A12AC88292D35C810B /* Pods-Quezby.debug.xcconfig */ = {isa = PBXFileReference; includeInIndex = 1; lastKnownFileType = text.xcconfig; name = "Pods-Quezby.debug.xcconfig"; path = "Target Support Files/Pods-Quezby/Pods-Quezby.debug.xcconfig"; sourceTree = "<group>"; };
		5709B34CF0A7D63546082F79 /* Pods-Quezby.release.xcconfig */ = {isa = PBXFileReference; includeInIndex = 1; lastKnownFileType = text.xcconfig; name = "Pods-Quezby.release.xcconfig"; path = "Target Support Files/Pods-Quezby/Pods-Quezby.release.xcconfig"; sourceTree = "<group>"; };
		5D624868C62CEBC3F3D73B18 /* Nunito-SemiBold.ttf */ = {isa = PBXFileReference; includeInIndex = 1; lastKnownFileType = file; name = "Nunito-SemiBold.ttf"; path = "../assets/fonts/Nunito-SemiBold.ttf"; sourceTree = "<group>"; };
		5DCACB8F33CDC322A6C60F78 /* libPods-Quezby.a */ = {isa = PBXFileReference; explicitFileType = archive.ar; includeInIndex = 0; path = "libPods-Quezby.a"; sourceTree = BUILT_PRODUCTS_DIR; };
		5ED3156D0E67001AF4078B06 /* en */ = {isa = PBXFileReference; lastKnownFileType = text.plist.strings; name = en; path = Quezby/en.lproj/InfoPlist.strings; sourceTree = "<group>"; };
		65CA77D710AD97E6BE136E0F /* fr */ = {isa = PBXFileReference; lastKnownFileType = text.plist.strings; name = fr; path = Quezby/fr.lproj/InfoPlist.strings; sourceTree = "<group>"; };
		6EA8566893907A583A04D44A /* tr */ = {isa = PBXFileReference; lastKnownFileType = text.plist.strings; name = tr; path = Quezby/tr.lproj/InfoPlist.strings; sourceTree = "<group>"; };
		75B29BB38A6008294B27057C /* Cairo-SemiBold.ttf */ = {isa = PBXFileReference; includeInIndex = 1; lastKnownFileType = file; name = "Cairo-SemiBold.ttf"; path = "../assets/fonts/Cairo-SemiBold.ttf"; sourceTree = "<group>"; };
		76174D69801EF8AD6DD82290 /* ar */ = {isa = PBXFileReference; lastKnownFileType = text.plist.strings; name = ar; path = Quezby/ar.lproj/InfoPlist.strings; sourceTree = "<group>"; };
		761780EC2CA45674006654EE /* AppDelegate.swift */ = {isa = PBXFileReference; lastKnownFileType = sourcecode.swift; name = AppDelegate.swift; path = Quezby/AppDelegate.swift; sourceTree = "<group>"; };
		81AB9BB72411601600AC10FF /* LaunchScreen.storyboard */ = {isa = PBXFileReference; fileEncoding = 4; lastKnownFileType = file.storyboard; name = LaunchScreen.storyboard; path = Quezby/LaunchScreen.storyboard; sourceTree = "<group>"; };
		84530F2E6F210FEC23C8EBDF /* Cairo-Black.ttf */ = {isa = PBXFileReference; includeInIndex = 1; lastKnownFileType = file; name = "Cairo-Black.ttf"; path = "../assets/fonts/Cairo-Black.ttf"; sourceTree = "<group>"; };
		8A6D9971EA3C4268DE1FBD2A /* Nunito-Bold.ttf */ = {isa = PBXFileReference; includeInIndex = 1; lastKnownFileType = file; name = "Nunito-Bold.ttf"; path = "../assets/fonts/Nunito-Bold.ttf"; sourceTree = "<group>"; };
		A197133355D8D2DB0A521EA5 /* Cairo-Bold.ttf */ = {isa = PBXFileReference; includeInIndex = 1; lastKnownFileType = file; name = "Cairo-Bold.ttf"; path = "../assets/fonts/Cairo-Bold.ttf"; sourceTree = "<group>"; };
		A4040B0656FCD6335C62D399 /* Nunito-Black.ttf */ = {isa = PBXFileReference; includeInIndex = 1; lastKnownFileType = file; name = "Nunito-Black.ttf"; path = "../assets/fonts/Nunito-Black.ttf"; sourceTree = "<group>"; };
		CA46B8EA4C4C310B97D8AB1C /* es */ = {isa = PBXFileReference; lastKnownFileType = text.plist.strings; name = es; path = Quezby/es.lproj/InfoPlist.strings; sourceTree = "<group>"; };
		DA8B8EC790F0004F15CE64FD /* de */ = {isa = PBXFileReference; lastKnownFileType = text.plist.strings; name = de; path = Quezby/de.lproj/InfoPlist.strings; sourceTree = "<group>"; };
		ED297162215061F000B7C4FE /* JavaScriptCore.framework */ = {isa = PBXFileReference; lastKnownFileType = wrapper.framework; name = JavaScriptCore.framework; path = System/Library/Frameworks/JavaScriptCore.framework; sourceTree = SDKROOT; };
		EEBB71C9E248F117AAFDC07F /* Rubik-Black.ttf */ = {isa = PBXFileReference; includeInIndex = 1; lastKnownFileType = file; name = "Rubik-Black.ttf"; path = "../assets/fonts/Rubik-Black.ttf"; sourceTree = "<group>"; };
		EF313606C6A0AC4C1799DD96 /* QuezbyIntegrity.m */ = {isa = PBXFileReference; fileEncoding = 4; lastKnownFileType = sourcecode.c.objc; name = QuezbyIntegrity.m; path = Quezby/QuezbyIntegrity.m; sourceTree = "<group>"; };
/* End PBXFileReference section */

/* Begin PBXFrameworksBuildPhase section */
		13B07F8C1A680F5B00A75B9A /* Frameworks */ = {
			isa = PBXFrameworksBuildPhase;
			buildActionMask = 2147483647;
			files = (
				0C80B921A6F3F58F76C31292 /* libPods-Quezby.a in Frameworks */,
			);
			runOnlyForDeploymentPostprocessing = 0;
		};
/* End PBXFrameworksBuildPhase section */

/* Begin PBXGroup section */
		13B07FAE1A68108700A75B9A /* Quezby */ = {
			isa = PBXGroup;
			children = (
				13B07FB51A68108700A75B9A /* Images.xcassets */,
				761780EC2CA45674006654EE /* AppDelegate.swift */,
				13B07FB61A68108700A75B9A /* Info.plist */,
				082800B53256E153D5AA0F55 /* InfoPlist.strings */,
				81AB9BB72411601600AC10FF /* LaunchScreen.storyboard */,
				13B07FB81A68108700A75B9A /* PrivacyInfo.xcprivacy */,
				EF313606C6A0AC4C1799DD96 /* QuezbyIntegrity.m */,
			);
			name = Quezby;
			sourceTree = "<group>";
		};
		2D16E6871FA4F8E400B85C8A /* Frameworks */ = {
			isa = PBXGroup;
			children = (
				ED297162215061F000B7C4FE /* JavaScriptCore.framework */,
				5DCACB8F33CDC322A6C60F78 /* libPods-Quezby.a */,
			);
			name = Frameworks;
			sourceTree = "<group>";
		};
		832341AE1AAA6A7D00B99B32 /* Libraries */ = {
			isa = PBXGroup;
			children = (
			);
			name = Libraries;
			sourceTree = "<group>";
		};
		83CBB9F61A601CBA00E9B192 = {
			isa = PBXGroup;
			children = (
				13B07FAE1A68108700A75B9A /* Quezby */,
				832341AE1AAA6A7D00B99B32 /* Libraries */,
				83CBBA001A601CBA00E9B192 /* Products */,
				2D16E6871FA4F8E400B85C8A /* Frameworks */,
				BBD78D7AC51CEA395F1C20DB /* Pods */,
				8BC204853046B57356168B1B /* Fonts */,
				CECAFFE47620780295CC8D4D /* Config */,
			);
			indentWidth = 2;
			sourceTree = "<group>";
			tabWidth = 2;
			usesTabs = 0;
		};
		83CBBA001A601CBA00E9B192 /* Products */ = {
			isa = PBXGroup;
			children = (
				13B07F961A680F5B00A75B9A /* Quezby.app */,
			);
			name = Products;
			sourceTree = "<group>";
		};
		8BC204853046B57356168B1B /* Fonts */ = {
			isa = PBXGroup;
			children = (
				EEBB71C9E248F117AAFDC07F /* Rubik-Black.ttf */,
				0DCCF862C55D8A7316D89355 /* Rubik-ExtraBold.ttf */,
				5D624868C62CEBC3F3D73B18 /* Nunito-SemiBold.ttf */,
				8A6D9971EA3C4268DE1FBD2A /* Nunito-Bold.ttf */,
				0527CF8F59F65E99F9961F32 /* Nunito-ExtraBold.ttf */,
				A4040B0656FCD6335C62D399 /* Nunito-Black.ttf */,
				75B29BB38A6008294B27057C /* Cairo-SemiBold.ttf */,
				A197133355D8D2DB0A521EA5 /* Cairo-Bold.ttf */,
				032B8E3C8CD49DBD292206CB /* Cairo-ExtraBold.ttf */,
				84530F2E6F210FEC23C8EBDF /* Cairo-Black.ttf */,
			);
			name = Fonts;
			sourceTree = "<group>";
		};
		BBD78D7AC51CEA395F1C20DB /* Pods */ = {
			isa = PBXGroup;
			children = (
				3B4392A12AC88292D35C810B /* Pods-Quezby.debug.xcconfig */,
				5709B34CF0A7D63546082F79 /* Pods-Quezby.release.xcconfig */,
			);
			path = Pods;
			sourceTree = "<group>";
		};
		CECAFFE47620780295CC8D4D /* Config */ = {
			isa = PBXGroup;
			children = (
				1998605AA1881745395454B1 /* Environment.xcconfig */,
			);
			path = Config;
			sourceTree = "<group>";
		};
/* End PBXGroup section */

/* Begin PBXNativeTarget section */
		13B07F861A680F5B00A75B9A /* Quezby */ = {
			isa = PBXNativeTarget;
			buildConfigurationList = 13B07F931A680F5B00A75B9A /* Build configuration list for PBXNativeTarget "Quezby" */;
			buildPhases = (
				C38B50BA6285516D6DCD4F65 /* [CP] Check Pods Manifest.lock */,
				E0A4FE7245EB201D1D32BE56 /* Check environment */,
				13B07F871A680F5B00A75B9A /* Sources */,
				13B07F8C1A680F5B00A75B9A /* Frameworks */,
				13B07F8E1A680F5B00A75B9A /* Resources */,
				E8E29B148C995D2DB337D5B1 /* Copy Firebase config */,
				00DD1BFF1BD5951E006B06BC /* Bundle React Native code and images */,
				00EEFC60759A1932668264C0 /* [CP] Embed Pods Frameworks */,
				E235C05ADACE081382539298 /* [CP] Copy Pods Resources */,
				1C69251502EDF798A43CA5B9 /* [CP-User] [RNFB] Core Configuration */,
			);
			buildRules = (
			);
			dependencies = (
			);
			name = Quezby;
			productName = Quezby;
			productReference = 13B07F961A680F5B00A75B9A /* Quezby.app */;
			productType = "com.apple.product-type.application";
		};
/* End PBXNativeTarget section */

/* Begin PBXProject section */
		83CBB9F71A601CBA00E9B192 /* Project object */ = {
			isa = PBXProject;
			attributes = {
				LastUpgradeCheck = 1210;
				TargetAttributes = {
					13B07F861A680F5B00A75B9A = {
						LastSwiftMigration = 1120;
					};
				};
			};
			buildConfigurationList = 83CBB9FA1A601CBA00E9B192 /* Build configuration list for PBXProject "Quezby" */;
			compatibilityVersion = "Xcode 12.0";
			developmentRegion = en;
			hasScannedForEncodings = 0;
			knownRegions = (
				en,
				Base,
				tr,
				de,
				ar,
				fr,
				es,
			);
			mainGroup = 83CBB9F61A601CBA00E9B192;
			productRefGroup = 83CBBA001A601CBA00E9B192 /* Products */;
			projectDirPath = "";
			projectRoot = "";
			targets = (
				13B07F861A680F5B00A75B9A /* Quezby */,
			);
		};
/* End PBXProject section */

/* Begin PBXResourcesBuildPhase section */
		13B07F8E1A680F5B00A75B9A /* Resources */ = {
			isa = PBXResourcesBuildPhase;
			buildActionMask = 2147483647;
			files = (
				81AB9BB82411601600AC10FF /* LaunchScreen.storyboard in Resources */,
				13B07FBF1A68108700A75B9A /* Images.xcassets in Resources */,
				90F895FD825D65128B3291D3 /* Rubik-Black.ttf in Resources */,
				A96A6B82A150A86319EF7397 /* Rubik-ExtraBold.ttf in Resources */,
				C562F44284476F2FC941143F /* Nunito-SemiBold.ttf in Resources */,
				994ABBCA01C71933B2CC91DD /* Nunito-Bold.ttf in Resources */,
				A9603E37E51DE20B3985631A /* Nunito-ExtraBold.ttf in Resources */,
				25046AE84FBB971E974878EE /* Nunito-Black.ttf in Resources */,
				0CC2164C2DD529D406381931 /* Cairo-SemiBold.ttf in Resources */,
				BCA771E7CB029749C97B257C /* Cairo-Bold.ttf in Resources */,
				7DC8696D15D664D00B820A34 /* Cairo-ExtraBold.ttf in Resources */,
				62C76BA68E185CA1C91B8648 /* Cairo-Black.ttf in Resources */,
				D406DD5B56461C91FECC77A1 /* PrivacyInfo.xcprivacy in Resources */,
				4BDB570B78CD1DFB6A5B13FD /* InfoPlist.strings in Resources */,
			);
			runOnlyForDeploymentPostprocessing = 0;
		};
/* End PBXResourcesBuildPhase section */

/* Begin PBXShellScriptBuildPhase section */
		00DD1BFF1BD5951E006B06BC /* Bundle React Native code and images */ = {
			isa = PBXShellScriptBuildPhase;
			buildActionMask = 2147483647;
			files = (
			);
			inputPaths = (
				"$(SRCROOT)/.xcode.env.local",
				"$(SRCROOT)/.xcode.env",
			);
			name = "Bundle React Native code and images";
			outputPaths = (
			);
			runOnlyForDeploymentPostprocessing = 0;
			shellPath = /bin/sh;
			shellScript = "set -e\n\nWITH_ENVIRONMENT=\"$REACT_NATIVE_PATH/scripts/xcode/with-environment.sh\"\nREACT_NATIVE_XCODE=\"$REACT_NATIVE_PATH/scripts/react-native-xcode.sh\"\n\n/bin/sh -c \"\\\"$WITH_ENVIRONMENT\\\" \\\"$REACT_NATIVE_XCODE\\\"\"\n";
		};
		00EEFC60759A1932668264C0 /* [CP] Embed Pods Frameworks */ = {
			isa = PBXShellScriptBuildPhase;
			buildActionMask = 2147483647;
			files = (
			);
			inputFileListPaths = (
				"${PODS_ROOT}/Target Support Files/Pods-Quezby/Pods-Quezby-frameworks-${CONFIGURATION}-input-files.xcfilelist",
			);
			name = "[CP] Embed Pods Frameworks";
			outputFileListPaths = (
				"${PODS_ROOT}/Target Support Files/Pods-Quezby/Pods-Quezby-frameworks-${CONFIGURATION}-output-files.xcfilelist",
			);
			runOnlyForDeploymentPostprocessing = 0;
			shellPath = /bin/sh;
			shellScript = "\"${PODS_ROOT}/Target Support Files/Pods-Quezby/Pods-Quezby-frameworks.sh\"\n";
			showEnvVarsInLog = 0;
		};
		1C69251502EDF798A43CA5B9 /* [CP-User] [RNFB] Core Configuration */ = {
			isa = PBXShellScriptBuildPhase;
			buildActionMask = 2147483647;
			files = (
			);
			inputPaths = (
				"$(BUILT_PRODUCTS_DIR)/$(INFOPLIST_PATH)",
			);
			name = "[CP-User] [RNFB] Core Configuration";
			runOnlyForDeploymentPostprocessing = 0;
			shellPath = /bin/sh;
			shellScript = "#!/usr/bin/env bash\n#\n# Copyright (c) 2016-present Invertase Limited & Contributors\n#\n# Licensed under the Apache License, Version 2.0 (the \"License\");\n# you may not use this library except in compliance with the License.\n# You may obtain a copy of the License at\n#\n#   http://www.apache.org/licenses/LICENSE-2.0\n#\n# Unless required by applicable law or agreed to in writing, software\n# distributed under the License is distributed on an \"AS IS\" BASIS,\n# WITHOUT WARRANTIES OR CONDITIONS OF ANY KIND, either express or implied.\n# See the License for the specific language governing permissions and\n# limitations under the License.\n#\n\n##########################################################################\n##########################################################################\n#\n#  NOTE THAT IF YOU CHANGE THIS FILE YOU MUST RUN pod install AFTERWARDS\n#\n#  This file is installed as an Xcode build script in the project file\n#  by cocoapods, and you will not see your changes until you pod install\n#\n##########################################################################\n##########################################################################\n\nset -e\n\n_MAX_LOOKUPS=2;\n_SEARCH_RESULT=''\n_RN_ROOT_EXISTS=''\n_CURRENT_LOOKUPS=1\n_JSON_ROOT=\"'react-native'\"\n_JSON_FILE_NAME='firebase.json'\n_JSON_OUTPUT_BASE64='e30=' # { }\n_CURRENT_SEARCH_DIR=${PROJECT_DIR}\n_PLIST_BUDDY=/usr/libexec/PlistBuddy\n_TARGET_PLIST=\"${BUILT_PRODUCTS_DIR}/${INFOPLIST_PATH}\"\n_DSYM_PLIST=\"${DWARF_DSYM_FOLDER_PATH}/${DWARF_DSYM_FILE_NAME}/Contents/Info.plist\"\n\n# plist arrays\n_PLIST_ENTRY_KEYS=()\n_PLIST_ENTRY_TYPES=()\n_PLIST_ENTRY_VALUES=()\n\nfunction setPlistValue {\n  echo \"note:      setting plist entry '$1' of type '$2' in file '$4'\"\n  ${_PLIST_BUDDY} -c \"Add :$1 $2 '$3'\" $4 || echo \"note:      '$1' already exists\"\n}\n\nfunction getFirebaseJsonKeyValue () {\n  if [[ ${_RN_ROOT_EXISTS} ]]; then\n    ruby -Ku -e \"require 'rubygems';require 'json'; output=JSON.parse('$1'); puts output[$_JSON_ROOT]['$2']\"\n  else\n    echo \"\"\n  fi;\n}\n\nfunction jsonBoolToYesNo () {\n  if [[ $1 == \"false\" ]]; then\n    echo \"NO\"\n  elif [[ $1 == \"true\" ]]; then\n    echo \"YES\"\n  else echo \"NO\"\n  fi\n}\n\necho \"note: -> RNFB build script started\"\necho \"note: 1) Locating ${_JSON_FILE_NAME} file:\"\n\nif [[ -z ${_CURRENT_SEARCH_DIR} ]]; then\n  _CURRENT_SEARCH_DIR=$(pwd)\nfi;\n\nwhile true; do\n  _CURRENT_SEARCH_DIR=$(dirname \"$_CURRENT_SEARCH_DIR\")\n  if [[ \"$_CURRENT_SEARCH_DIR\" == \"/\" ]] || [[ ${_CURRENT_LOOKUPS} -gt ${_MAX_LOOKUPS} ]]; then break; fi;\n  echo \"note:      ($_CURRENT_LOOKUPS of $_MAX_LOOKUPS) Searching in '$_CURRENT_SEARCH_DIR' for a ${_JSON_FILE_NAME} file.\"\n  _SEARCH_RESULT=$(find \"$_CURRENT_SEARCH_DIR\" -maxdepth 2 -name ${_JSON_FILE_NAME} -print | /usr/bin/head -n 1)\n  if [[ ${_SEARCH_RESULT} ]]; then\n    echo \"note:      ${_JSON_FILE_NAME} found at $_SEARCH_RESULT\"\n    break;\n  fi;\n  _CURRENT_LOOKUPS=$((_CURRENT_LOOKUPS+1))\ndone\n\nif [[ ${_SEARCH_RESULT} ]]; then\n  _JSON_OUTPUT_RAW=$(cat \"${_SEARCH_RESULT}\")\n  if ! _RN_ROOT_EXISTS=$(ruby -Ku -e \"require 'json'; output=JSON.parse('$_JSON_OUTPUT_RAW'); puts output[$_JSON_ROOT]\"); then\n    echo \"error: Failed to parse firebase.json, check for syntax errors.\"\n    exit 1\n  fi\n\n  if [[ ${_RN_ROOT_EXISTS} ]]; then\n    if ! python3 --version >/dev/null 2>&1; then echo \"error: python3 not found, firebase.json file processing error.\" && exit 1; fi\n    _JSON_OUTPUT_BASE64=$(python3 -c 'import json,sys,base64;print(base64.b64encode(bytes(json.dumps(json.loads(open('\"'${_SEARCH_RESULT}'\"', '\"'rb'\"').read())['${_JSON_ROOT}']), '\"'utf-8'\"')).decode())' || echo \"e30=\")\n  fi\n\n  _PLIST_ENTRY_KEYS+=(\"firebase_json_raw\")\n  _PLIST_ENTRY_TYPES+=(\"string\")\n  _PLIST_ENTRY_VALUES+=(\"$_JSON_OUTPUT_BASE64\")\n\n  # config.app_data_collection_default_enabled\n  _APP_DATA_COLLECTION_ENABLED=$(getFirebaseJsonKeyValue \"$_JSON_OUTPUT_RAW\" \"app_data_collection_default_enabled\")\n  if [[ $_APP_DATA_COLLECTION_ENABLED ]]; then\n    _PLIST_ENTRY_KEYS+=(\"FirebaseDataCollectionDefaultEnabled\")\n    _PLIST_ENTRY_TYPES+=(\"bool\")\n    _PLIST_ENTRY_VALUES+=(\"$(jsonBoolToYesNo \"$_APP_DATA_COLLECTION_ENABLED\")\")\n  fi\n\n  # config.analytics_auto_collection_enabled\n  _ANALYTICS_AUTO_COLLECTION=$(getFirebaseJsonKeyValue \"$_JSON_OUTPUT_RAW\" \"analytics_auto_collection_enabled\")\n  if [[ $_ANALYTICS_AUTO_COLLECTION ]]; then\n    _PLIST_ENTRY_KEYS+=(\"FIREBASE_ANALYTICS_COLLECTION_ENABLED\")\n    _PLIST_ENTRY_TYPES+=(\"bool\")\n    _PLIST_ENTRY_VALUES+=(\"$(jsonBoolToYesNo \"$_ANALYTICS_AUTO_COLLECTION\")\")\n  fi\n\n  # config.analytics_collection_deactivated\n  _ANALYTICS_DEACTIVATED=$(getFirebaseJsonKeyValue \"$_JSON_OUTPUT_RAW\" \"analytics_collection_deactivated\")\n  if [[ $_ANALYTICS_DEACTIVATED ]]; then\n    _PLIST_ENTRY_KEYS+=(\"FIREBASE_ANALYTICS_COLLECTION_DEACTIVATED\")\n    _PLIST_ENTRY_TYPES+=(\"bool\")\n    _PLIST_ENTRY_VALUES+=(\"$(jsonBoolToYesNo \"$_ANALYTICS_DEACTIVATED\")\")\n  fi\n\n  # config.analytics_idfv_collection_enabled\n  _ANALYTICS_IDFV_COLLECTION=$(getFirebaseJsonKeyValue \"$_JSON_OUTPUT_RAW\" \"analytics_idfv_collection_enabled\")\n  if [[ $_ANALYTICS_IDFV_COLLECTION ]]; then\n    _PLIST_ENTRY_KEYS+=(\"GOOGLE_ANALYTICS_IDFV_COLLECTION_ENABLED\")\n    _PLIST_ENTRY_TYPES+=(\"bool\")\n    _PLIST_ENTRY_VALUES+=(\"$(jsonBoolToYesNo \"$_ANALYTICS_IDFV_COLLECTION\")\")\n  fi\n\n  # config.analytics_default_allow_analytics_storage\n  _ANALYTICS_STORAGE=$(getFirebaseJsonKeyValue \"$_JSON_OUTPUT_RAW\" \"analytics_default_allow_analytics_storage\")\n  if [[ $_ANALYTICS_STORAGE ]]; then\n    _PLIST_ENTRY_KEYS+=(\"GOOGLE_ANALYTICS_DEFAULT_ALLOW_ANALYTICS_STORAGE\")\n    _PLIST_ENTRY_TYPES+=(\"bool\")\n    _PLIST_ENTRY_VALUES+=(\"$(jsonBoolToYesNo \"$_ANALYTICS_STORAGE\")\")\n  fi\n\n  # config.analytics_default_allow_ad_storage\n  _ANALYTICS_AD_STORAGE=$(getFirebaseJsonKeyValue \"$_JSON_OUTPUT_RAW\" \"analytics_default_allow_ad_storage\")\n  if [[ $_ANALYTICS_AD_STORAGE ]]; then\n    _PLIST_ENTRY_KEYS+=(\"GOOGLE_ANALYTICS_DEFAULT_ALLOW_AD_STORAGE\")\n    _PLIST_ENTRY_TYPES+=(\"bool\")\n    _PLIST_ENTRY_VALUES+=(\"$(jsonBoolToYesNo \"$_ANALYTICS_AD_STORAGE\")\")\n  fi\n\n  # config.analytics_default_allow_ad_user_data\n  _ANALYTICS_AD_USER_DATA=$(getFirebaseJsonKeyValue \"$_JSON_OUTPUT_RAW\" \"analytics_default_allow_ad_user_data\")\n  if [[ $_ANALYTICS_AD_USER_DATA ]]; then\n    _PLIST_ENTRY_KEYS+=(\"GOOGLE_ANALYTICS_DEFAULT_ALLOW_AD_USER_DATA\")\n    _PLIST_ENTRY_TYPES+=(\"bool\")\n    _PLIST_ENTRY_VALUES+=(\"$(jsonBoolToYesNo \"$_ANALYTICS_AD_USER_DATA\")\")\n  fi\n\n  # config.analytics_default_allow_ad_personalization_signals\n  _ANALYTICS_PERSONALIZATION=$(getFirebaseJsonKeyValue \"$_JSON_OUTPUT_RAW\" \"analytics_default_allow_ad_personalization_signals\")\n  if [[ $_ANALYTICS_PERSONALIZATION ]]; then\n    _PLIST_ENTRY_KEYS+=(\"GOOGLE_ANALYTICS_DEFAULT_ALLOW_AD_PERSONALIZATION_SIGNALS\")\n    _PLIST_ENTRY_TYPES+=(\"bool\")\n    _PLIST_ENTRY_VALUES+=(\"$(jsonBoolToYesNo \"$_ANALYTICS_PERSONALIZATION\")\")\n  fi\n\n  # config.analytics_registration_with_ad_network_enabled\n  _ANALYTICS_REGISTRATION_WITH_AD_NETWORK=$(getFirebaseJsonKeyValue \"$_JSON_OUTPUT_RAW\" \"google_analytics_registration_with_ad_network_enabled\")\n  if [[ $_ANALYTICS_REGISTRATION_WITH_AD_NETWORK ]]; then\n    _PLIST_ENTRY_KEYS+=(\"GOOGLE_ANALYTICS_REGISTRATION_WITH_AD_NETWORK_ENABLED\")\n    _PLIST_ENTRY_TYPES+=(\"bool\")\n    _PLIST_ENTRY_VALUES+=(\"$(jsonBoolToYesNo \"$_ANALYTICS_REGISTRATION_WITH_AD_NETWORK\")\")\n  fi\n\n  # config.google_analytics_automatic_screen_reporting_enabled\n  _ANALYTICS_AUTO_SCREEN_REPORTING=$(getFirebaseJsonKeyValue \"$_JSON_OUTPUT_RAW\" \"google_analytics_automatic_screen_reporting_enabled\")\n  if [[ $_ANALYTICS_AUTO_SCREEN_REPORTING ]]; then\n    _PLIST_ENTRY_KEYS+=(\"FirebaseAutomaticScreenReportingEnabled\")\n    _PLIST_ENTRY_TYPES+=(\"bool\")\n    _PLIST_ENTRY_VALUES+=(\"$(jsonBoolToYesNo \"$_ANALYTICS_AUTO_SCREEN_REPORTING\")\")\n  fi\n\n  # config.perf_auto_collection_enabled\n  _PERF_AUTO_COLLECTION=$(getFirebaseJsonKeyValue \"$_JSON_OUTPUT_RAW\" \"perf_auto_collection_enabled\")\n  if [[ $_PERF_AUTO_COLLECTION ]]; then\n    _PLIST_ENTRY_KEYS+=(\"firebase_performance_collection_enabled\")\n    _PLIST_ENTRY_TYPES+=(\"bool\")\n    _PLIST_ENTRY_VALUES+=(\"$(jsonBoolToYesNo \"$_PERF_AUTO_COLLECTION\")\")\n  fi\n\n  # config.perf_collection_deactivated\n  _PERF_DEACTIVATED=$(getFirebaseJsonKeyValue \"$_JSON_OUTPUT_RAW\" \"perf_collection_deactivated\")\n  if [[ $_PERF_DEACTIVATED ]]; then\n    _PLIST_ENTRY_KEYS+=(\"firebase_performance_collection_deactivated\")\n    _PLIST_ENTRY_TYPES+=(\"bool\")\n    _PLIST_ENTRY_VALUES+=(\"$(jsonBoolToYesNo \"$_PERF_DEACTIVATED\")\")\n  fi\n\n  # config.messaging_auto_init_enabled\n  _MESSAGING_AUTO_INIT=$(getFirebaseJsonKeyValue \"$_JSON_OUTPUT_RAW\" \"messaging_auto_init_enabled\")\n  if [[ $_MESSAGING_AUTO_INIT ]]; then\n    _PLIST_ENTRY_KEYS+=(\"FirebaseMessagingAutoInitEnabled\")\n    _PLIST_ENTRY_TYPES+=(\"bool\")\n    _PLIST_ENTRY_VALUES+=(\"$(jsonBoolToYesNo \"$_MESSAGING_AUTO_INIT\")\")\n  fi\n\n  # config.in_app_messaging_auto_colllection_enabled\n  _FIAM_AUTO_INIT=$(getFirebaseJsonKeyValue \"$_JSON_OUTPUT_RAW\" \"in_app_messaging_auto_collection_enabled\")\n  if [[ $_FIAM_AUTO_INIT ]]; then\n    _PLIST_ENTRY_KEYS+=(\"FirebaseInAppMessagingAutomaticDataCollectionEnabled\")\n    _PLIST_ENTRY_TYPES+=(\"bool\")\n    _PLIST_ENTRY_VALUES+=(\"$(jsonBoolToYesNo \"$_FIAM_AUTO_INIT\")\")\n  fi\n\n  # config.app_check_token_auto_refresh\n  _APP_CHECK_TOKEN_AUTO_REFRESH=$(getFirebaseJsonKeyValue \"$_JSON_OUTPUT_RAW\" \"app_check_token_auto_refresh\")\n  if [[ $_APP_CHECK_TOKEN_AUTO_REFRESH ]]; then\n    _PLIST_ENTRY_KEYS+=(\"FirebaseAppCheckTokenAutoRefreshEnabled\")\n    _PLIST_ENTRY_TYPES+=(\"bool\")\n    _PLIST_ENTRY_VALUES+=(\"$(jsonBoolToYesNo \"$_APP_CHECK_TOKEN_AUTO_REFRESH\")\")\n  fi\n\n  # config.crashlytics_disable_auto_disabler - undocumented for now - mainly for debugging, document if becomes useful\n  _CRASHLYTICS_AUTO_DISABLE_ENABLED=$(getFirebaseJsonKeyValue \"$_JSON_OUTPUT_RAW\" \"crashlytics_disable_auto_disabler\")\n  if [[ $_CRASHLYTICS_AUTO_DISABLE_ENABLED == \"true\" ]]; then\n    echo \"Disabled Crashlytics auto disabler.\" # do nothing\n  else\n    _PLIST_ENTRY_KEYS+=(\"FirebaseCrashlyticsCollectionEnabled\")\n    _PLIST_ENTRY_TYPES+=(\"bool\")\n    _PLIST_ENTRY_VALUES+=(\"NO\")\n  fi\nelse\n  _PLIST_ENTRY_KEYS+=(\"firebase_json_raw\")\n  _PLIST_ENTRY_TYPES+=(\"string\")\n  _PLIST_ENTRY_VALUES+=(\"$_JSON_OUTPUT_BASE64\")\n  echo \"warning:   A firebase.json file was not found, whilst this file is optional it is recommended to include it to configure firebase services in React Native Firebase.\"\nfi;\n\necho \"note: 2) Injecting Info.plist entries: \"\n\n# Log out the keys we're adding\nfor i in \"${!_PLIST_ENTRY_KEYS[@]}\"; do\n  echo \"    ->  $i) ${_PLIST_ENTRY_KEYS[$i]}\" \"${_PLIST_ENTRY_TYPES[$i]}\" \"${_PLIST_ENTRY_VALUES[$i]}\"\ndone\n\nfor plist in \"${_TARGET_PLIST}\" \"${_DSYM_PLIST}\" ; do\n  if [[ -f \"${plist}\" ]]; then\n\n    # paths with spaces break the call to setPlistValue. temporarily modify\n    # the shell internal field separator variable (IFS), which normally\n    # includes spaces, to consist only of line breaks\n    oldifs=$IFS\n    IFS=\"\n\"\n\n    for i in \"${!_PLIST_ENTRY_KEYS[@]}\"; do\n      setPlistValue \"${_PLIST_ENTRY_KEYS[$i]}\" \"${_PLIST_ENTRY_TYPES[$i]}\" \"${_PLIST_ENTRY_VALUES[$i]}\" \"${plist}\"\n    done\n\n    # restore the original internal field separator value\n    IFS=$oldifs\n  else\n    echo \"warning:   A Info.plist build output file was not found (${plist})\"\n  fi\ndone\n\necho \"note: <- RNFB build script finished\"\n";
		};
		C38B50BA6285516D6DCD4F65 /* [CP] Check Pods Manifest.lock */ = {
			isa = PBXShellScriptBuildPhase;
			buildActionMask = 2147483647;
			files = (
			);
			inputFileListPaths = (
			);
			inputPaths = (
				"${PODS_PODFILE_DIR_PATH}/Podfile.lock",
				"${PODS_ROOT}/Manifest.lock",
			);
			name = "[CP] Check Pods Manifest.lock";
			outputFileListPaths = (
			);
			outputPaths = (
				"$(DERIVED_FILE_DIR)/Pods-Quezby-checkManifestLockResult.txt",
			);
			runOnlyForDeploymentPostprocessing = 0;
			shellPath = /bin/sh;
			shellScript = "diff \"${PODS_PODFILE_DIR_PATH}/Podfile.lock\" \"${PODS_ROOT}/Manifest.lock\" > /dev/null\nif [ $? != 0 ] ; then\n    # print error to STDERR\n    echo \"error: The sandbox is not in sync with the Podfile.lock. Run 'pod install' or update your CocoaPods installation.\" >&2\n    exit 1\nfi\n# This output is used by Xcode 'outputs' to avoid re-running this script phase.\necho \"SUCCESS\" > \"${SCRIPT_OUTPUT_FILE_0}\"\n";
			showEnvVarsInLog = 0;
		};
		E0A4FE7245EB201D1D32BE56 /* Check environment */ = {
			isa = PBXShellScriptBuildPhase;
			alwaysOutOfDate = 1;
			buildActionMask = 2147483647;
			files = (
			);
			inputFileListPaths = (
			);
			inputPaths = (
			);
			name = "Check environment";
			outputFileListPaths = (
			);
			outputPaths = (
			);
			runOnlyForDeploymentPostprocessing = 0;
			shellPath = /bin/sh;
			shellScript = "# apps/mobile/.env names the environment; `pnpm switch-local`, `switch-staging`\n# and `switch-production` (and `pnpm ios`) write ios/Config/Environment.generated.xcconfig\n# from it: the app's name and Google's URL scheme. Stop when .env changed after\n# that, or this build would not match the JavaScript it bundles.\nENV_FILE=\"${SRCROOT}/../.env\"\nGENERATED=\"${SRCROOT}/Config/Environment.generated.xcconfig\"\n[ -f \"$ENV_FILE\" ] || exit 0\nif [ ! -f \"$GENERATED\" ] || [ \"$ENV_FILE\" -nt \"$GENERATED\" ]; then\n  WANTED=$(sed -n 's/^[[:space:]]*QUEZBY_ENV[[:space:]]*=[[:space:]]*//p' \"$ENV_FILE\" | tail -n 1 | tr -d \"\\\"'[:space:]\")\n  echo \"error: apps/mobile/.env changed after the iOS build settings were written from it. Run pnpm switch-${WANTED:-local}, then build again.\"\n  exit 1\nfi\n";
		};
		E235C05ADACE081382539298 /* [CP] Copy Pods Resources */ = {
			isa = PBXShellScriptBuildPhase;
			buildActionMask = 2147483647;
			files = (
			);
			inputFileListPaths = (
				"${PODS_ROOT}/Target Support Files/Pods-Quezby/Pods-Quezby-resources-${CONFIGURATION}-input-files.xcfilelist",
			);
			name = "[CP] Copy Pods Resources";
			outputFileListPaths = (
				"${PODS_ROOT}/Target Support Files/Pods-Quezby/Pods-Quezby-resources-${CONFIGURATION}-output-files.xcfilelist",
			);
			runOnlyForDeploymentPostprocessing = 0;
			shellPath = /bin/sh;
			shellScript = "\"${PODS_ROOT}/Target Support Files/Pods-Quezby/Pods-Quezby-resources.sh\"\n";
			showEnvVarsInLog = 0;
		};
		E8E29B148C995D2DB337D5B1 /* Copy Firebase config */ = {
			isa = PBXShellScriptBuildPhase;
			alwaysOutOfDate = 1;
			buildActionMask = 2147483647;
			files = (
			);
			inputFileListPaths = (
			);
			inputPaths = (
			);
			name = "Copy Firebase config";
			outputFileListPaths = (
			);
			outputPaths = (
			);
			runOnlyForDeploymentPostprocessing = 0;
			shellPath = /bin/sh;
			shellScript = "# Push notifications (Firebase Cloud Messaging) need Firebase's file for this\n# app: ios/Quezby/GoogleService-Info.plist, downloaded from the Firebase console\n# and kept out of git (docs/development/push-setup.md). A build without it has\n# no push: AppDelegate starts Firebase only when the app carries the file.\nSOURCE=\"${SRCROOT}/Quezby/GoogleService-Info.plist\"\nTARGET=\"${TARGET_BUILD_DIR}/${UNLOCALIZED_RESOURCES_FOLDER_PATH}/GoogleService-Info.plist\"\nif [ -f \"$SOURCE\" ]; then\n  cp \"$SOURCE\" \"$TARGET\"\nelse\n  rm -f \"$TARGET\"\n  echo \"warning: ios/Quezby/GoogleService-Info.plist is missing: this build has no push notifications (docs/development/push-setup.md).\"\nfi\n";
		};
/* End PBXShellScriptBuildPhase section */

/* Begin PBXSourcesBuildPhase section */
		13B07F871A680F5B00A75B9A /* Sources */ = {
			isa = PBXSourcesBuildPhase;
			buildActionMask = 2147483647;
			files = (
				761780ED2CA45674006654EE /* AppDelegate.swift in Sources */,
				6E2D9E987C01DB89FC089721 /* QuezbyIntegrity.m in Sources */,
			);
			runOnlyForDeploymentPostprocessing = 0;
		};
/* End PBXSourcesBuildPhase section */

/* Begin PBXVariantGroup section */
		082800B53256E153D5AA0F55 /* InfoPlist.strings */ = {
			isa = PBXVariantGroup;
			children = (
				5ED3156D0E67001AF4078B06 /* en */,
				6EA8566893907A583A04D44A /* tr */,
				DA8B8EC790F0004F15CE64FD /* de */,
				76174D69801EF8AD6DD82290 /* ar */,
				65CA77D710AD97E6BE136E0F /* fr */,
				CA46B8EA4C4C310B97D8AB1C /* es */,
			);
			name = InfoPlist.strings;
			sourceTree = "<group>";
		};
/* End PBXVariantGroup section */

/* Begin XCBuildConfiguration section */
		13B07F941A680F5B00A75B9A /* Debug */ = {
			isa = XCBuildConfiguration;
			baseConfigurationReference = 3B4392A12AC88292D35C810B /* Pods-Quezby.debug.xcconfig */;
			buildSettings = {
				APP_ATTEST_ENVIRONMENT = development;
				APS_ENVIRONMENT = development;
				ASSETCATALOG_COMPILER_APPICON_NAME = AppIcon;
				CLANG_ENABLE_MODULES = YES;
				CODE_SIGN_ENTITLEMENTS = Quezby/Quezby.entitlements;
				CURRENT_PROJECT_VERSION = 1;
				DEVELOPMENT_TEAM = A7NTV288DZ;
				ENABLE_BITCODE = NO;
				INFOPLIST_FILE = Quezby/Info.plist;
				IPHONEOS_DEPLOYMENT_TARGET = 15.1;
				LD_RUNPATH_SEARCH_PATHS = (
					"$(inherited)",
					"@executable_path/Frameworks",
				);
				MARKETING_VERSION = 1.0.0;
				OTHER_LDFLAGS = (
					"$(inherited)",
					"-ObjC",
					"-lc++",
				);
				PRODUCT_BUNDLE_IDENTIFIER = com.kubisimsek.game.quezby;
				PRODUCT_NAME = Quezby;
				SUPPORTED_PLATFORMS = "iphoneos iphonesimulator";
				SWIFT_OPTIMIZATION_LEVEL = "-Onone";
				SWIFT_VERSION = 5.0;
				TARGETED_DEVICE_FAMILY = 1;
				VERSIONING_SYSTEM = "apple-generic";
			};
			name = Debug;
		};
		13B07F951A680F5B00A75B9A /* Release */ = {
			isa = XCBuildConfiguration;
			baseConfigurationReference = 5709B34CF0A7D63546082F79 /* Pods-Quezby.release.xcconfig */;
			buildSettings = {
				APP_ATTEST_ENVIRONMENT = production;
				APS_ENVIRONMENT = production;
				ASSETCATALOG_COMPILER_APPICON_NAME = AppIcon;
				CLANG_ENABLE_MODULES = YES;
				CODE_SIGN_ENTITLEMENTS = Quezby/Quezby.entitlements;
				CURRENT_PROJECT_VERSION = 1;
				DEVELOPMENT_TEAM = A7NTV288DZ;
				INFOPLIST_FILE = Quezby/Info.plist;
				IPHONEOS_DEPLOYMENT_TARGET = 15.1;
				LD_RUNPATH_SEARCH_PATHS = (
					"$(inherited)",
					"@executable_path/Frameworks",
				);
				MARKETING_VERSION = 1.0.0;
				OTHER_LDFLAGS = (
					"$(inherited)",
					"-ObjC",
					"-lc++",
				);
				PRODUCT_BUNDLE_IDENTIFIER = com.kubisimsek.game.quezby;
				PRODUCT_NAME = Quezby;
				SUPPORTED_PLATFORMS = "iphoneos iphonesimulator";
				SWIFT_VERSION = 5.0;
				TARGETED_DEVICE_FAMILY = 1;
				VERSIONING_SYSTEM = "apple-generic";
			};
			name = Release;
		};
		83CBBA201A601CBA00E9B192 /* Debug */ = {
			isa = XCBuildConfiguration;
			baseConfigurationReference = 1998605AA1881745395454B1 /* Environment.xcconfig */;
			buildSettings = {
				ALWAYS_SEARCH_USER_PATHS = NO;
				CLANG_ANALYZER_LOCALIZABILITY_NONLOCALIZED = YES;
				CLANG_CXX_LANGUAGE_STANDARD = "c++20";
				CLANG_CXX_LIBRARY = "libc++";
				CLANG_ENABLE_MODULES = YES;
				CLANG_ENABLE_OBJC_ARC = YES;
				CLANG_WARN_BLOCK_CAPTURE_AUTORELEASING = YES;
				CLANG_WARN_BOOL_CONVERSION = YES;
				CLANG_WARN_COMMA = YES;
				CLANG_WARN_CONSTANT_CONVERSION = YES;
				CLANG_WARN_DEPRECATED_OBJC_IMPLEMENTATIONS = YES;
				CLANG_WARN_DIRECT_OBJC_ISA_USAGE = YES_ERROR;
				CLANG_WARN_EMPTY_BODY = YES;
				CLANG_WARN_ENUM_CONVERSION = YES;
				CLANG_WARN_INFINITE_RECURSION = YES;
				CLANG_WARN_INT_CONVERSION = YES;
				CLANG_WARN_NON_LITERAL_NULL_CONVERSION = YES;
				CLANG_WARN_OBJC_IMPLICIT_RETAIN_SELF = YES;
				CLANG_WARN_OBJC_LITERAL_CONVERSION = YES;
				CLANG_WARN_OBJC_ROOT_CLASS = YES_ERROR;
				CLANG_WARN_QUOTED_INCLUDE_IN_FRAMEWORK_HEADER = YES;
				CLANG_WARN_RANGE_LOOP_ANALYSIS = YES;
				CLANG_WARN_STRICT_PROTOTYPES = YES;
				CLANG_WARN_SUSPICIOUS_MOVE = YES;
				CLANG_WARN_UNREACHABLE_CODE = YES;
				CLANG_WARN__DUPLICATE_METHOD_MATCH = YES;
				"CODE_SIGN_IDENTITY[sdk=iphoneos*]" = "iPhone Developer";
				COPY_PHASE_STRIP = NO;
				ENABLE_STRICT_OBJC_MSGSEND = YES;
				ENABLE_TESTABILITY = YES;
				"EXCLUDED_ARCHS[sdk=iphonesimulator*]" = "";
				GCC_C_LANGUAGE_STANDARD = gnu99;
				GCC_DYNAMIC_NO_PIC = NO;
				GCC_NO_COMMON_BLOCKS = YES;
				GCC_OPTIMIZATION_LEVEL = 0;
				GCC_PREPROCESSOR_DEFINITIONS = (
					"DEBUG=1",
					"$(inherited)",
				);
				GCC_SYMBOLS_PRIVATE_EXTERN = NO;
				GCC_WARN_64_TO_32_BIT_CONVERSION = YES;
				GCC_WARN_ABOUT_RETURN_TYPE = YES_ERROR;
				GCC_WARN_UNDECLARED_SELECTOR = YES;
				GCC_WARN_UNINITIALIZED_AUTOS = YES_AGGRESSIVE;
				GCC_WARN_UNUSED_FUNCTION = YES;
				GCC_WARN_UNUSED_VARIABLE = YES;
				IPHONEOS_DEPLOYMENT_TARGET = 15.1;
				LD_RUNPATH_SEARCH_PATHS = (
					/usr/lib/swift,
					"$(inherited)",
				);
				LIBRARY_SEARCH_PATHS = (
					"\"$(SDKROOT)/usr/lib/swift\"",
					"\"$(TOOLCHAIN_DIR)/usr/lib/swift/$(PLATFORM_NAME)\"",
					"\"$(inherited)\"",
				);
				MTL_ENABLE_DEBUG_INFO = YES;
				ONLY_ACTIVE_ARCH = YES;
				OTHER_CFLAGS = (
					"$(inherited)",
					"-DRCT_REMOVE_LEGACY_ARCH=1",
				);
				OTHER_CPLUSPLUSFLAGS = (
					"$(OTHER_CFLAGS)",
					"-DFOLLY_NO_CONFIG",
					"-DFOLLY_MOBILE=1",
					"-DFOLLY_USE_LIBCPP=1",
					"-DFOLLY_CFG_NO_COROUTINES=1",
					"-DFOLLY_HAVE_CLOCK_GETTIME=1",
					"-DRCT_REMOVE_LEGACY_ARCH=1",
				);
				PODFILE_DIR = "$(SRCROOT)";
				REACT_NATIVE_PATH = "${PODS_ROOT}/../../../../node_modules/.pnpm/react-native@0.86.2_@babel+core@7.29.7_@react-native-community+cli@20.2.0_typescript@6._24c3c6d1d1f3dc3fc189c483f961a456/node_modules/react-native";
				SDKROOT = iphoneos;
				SWIFT_ACTIVE_COMPILATION_CONDITIONS = "$(inherited) DEBUG";
				SWIFT_ENABLE_EXPLICIT_MODULES = NO;
				USE_HERMES = true;
			};
			name = Debug;
		};
		83CBBA211A601CBA00E9B192 /* Release */ = {
			isa = XCBuildConfiguration;
			baseConfigurationReference = 1998605AA1881745395454B1 /* Environment.xcconfig */;
			buildSettings = {
				ALWAYS_SEARCH_USER_PATHS = NO;
				CLANG_ANALYZER_LOCALIZABILITY_NONLOCALIZED = YES;
				CLANG_CXX_LANGUAGE_STANDARD = "c++20";
				CLANG_CXX_LIBRARY = "libc++";
				CLANG_ENABLE_MODULES = YES;
				CLANG_ENABLE_OBJC_ARC = YES;
				CLANG_WARN_BLOCK_CAPTURE_AUTORELEASING = YES;
				CLANG_WARN_BOOL_CONVERSION = YES;
				CLANG_WARN_COMMA = YES;
				CLANG_WARN_CONSTANT_CONVERSION = YES;
				CLANG_WARN_DEPRECATED_OBJC_IMPLEMENTATIONS = YES;
				CLANG_WARN_DIRECT_OBJC_ISA_USAGE = YES_ERROR;
				CLANG_WARN_EMPTY_BODY = YES;
				CLANG_WARN_ENUM_CONVERSION = YES;
				CLANG_WARN_INFINITE_RECURSION = YES;
				CLANG_WARN_INT_CONVERSION = YES;
				CLANG_WARN_NON_LITERAL_NULL_CONVERSION = YES;
				CLANG_WARN_OBJC_IMPLICIT_RETAIN_SELF = YES;
				CLANG_WARN_OBJC_LITERAL_CONVERSION = YES;
				CLANG_WARN_OBJC_ROOT_CLASS = YES_ERROR;
				CLANG_WARN_QUOTED_INCLUDE_IN_FRAMEWORK_HEADER = YES;
				CLANG_WARN_RANGE_LOOP_ANALYSIS = YES;
				CLANG_WARN_STRICT_PROTOTYPES = YES;
				CLANG_WARN_SUSPICIOUS_MOVE = YES;
				CLANG_WARN_UNREACHABLE_CODE = YES;
				CLANG_WARN__DUPLICATE_METHOD_MATCH = YES;
				"CODE_SIGN_IDENTITY[sdk=iphoneos*]" = "iPhone Developer";
				COPY_PHASE_STRIP = YES;
				ENABLE_NS_ASSERTIONS = NO;
				ENABLE_STRICT_OBJC_MSGSEND = YES;
				"EXCLUDED_ARCHS[sdk=iphonesimulator*]" = "";
				GCC_C_LANGUAGE_STANDARD = gnu99;
				GCC_NO_COMMON_BLOCKS = YES;
				GCC_WARN_64_TO_32_BIT_CONVERSION = YES;
				GCC_WARN_ABOUT_RETURN_TYPE = YES_ERROR;
				GCC_WARN_UNDECLARED_SELECTOR = YES;
				GCC_WARN_UNINITIALIZED_AUTOS = YES_AGGRESSIVE;
				GCC_WARN_UNUSED_FUNCTION = YES;
				GCC_WARN_UNUSED_VARIABLE = YES;
				IPHONEOS_DEPLOYMENT_TARGET = 15.1;
				LD_RUNPATH_SEARCH_PATHS = (
					/usr/lib/swift,
					"$(inherited)",
				);
				LIBRARY_SEARCH_PATHS = (
					"\"$(SDKROOT)/usr/lib/swift\"",
					"\"$(TOOLCHAIN_DIR)/usr/lib/swift/$(PLATFORM_NAME)\"",
					"\"$(inherited)\"",
				);
				MTL_ENABLE_DEBUG_INFO = NO;
				OTHER_CFLAGS = (
					"$(inherited)",
					"-DRCT_REMOVE_LEGACY_ARCH=1",
				);
				OTHER_CPLUSPLUSFLAGS = (
					"$(OTHER_CFLAGS)",
					"-DFOLLY_NO_CONFIG",
					"-DFOLLY_MOBILE=1",
					"-DFOLLY_USE_LIBCPP=1",
					"-DFOLLY_CFG_NO_COROUTINES=1",
					"-DFOLLY_HAVE_CLOCK_GETTIME=1",
					"-DRCT_REMOVE_LEGACY_ARCH=1",
				);
				PODFILE_DIR = "$(SRCROOT)";
				REACT_NATIVE_PATH = "${PODS_ROOT}/../../../../node_modules/.pnpm/react-native@0.86.2_@babel+core@7.29.7_@react-native-community+cli@20.2.0_typescript@6._24c3c6d1d1f3dc3fc189c483f961a456/node_modules/react-native";
				SDKROOT = iphoneos;
				SWIFT_ENABLE_EXPLICIT_MODULES = NO;
				USE_HERMES = true;
				VALIDATE_PRODUCT = YES;
			};
			name = Release;
		};
/* End XCBuildConfiguration section */

/* Begin XCConfigurationList section */
		13B07F931A680F5B00A75B9A /* Build configuration list for PBXNativeTarget "Quezby" */ = {
			isa = XCConfigurationList;
			buildConfigurations = (
				13B07F941A680F5B00A75B9A /* Debug */,
				13B07F951A680F5B00A75B9A /* Release */,
			);
			defaultConfigurationIsVisible = 0;
			defaultConfigurationName = Release;
		};
		83CBB9FA1A601CBA00E9B192 /* Build configuration list for PBXProject "Quezby" */ = {
			isa = XCConfigurationList;
			buildConfigurations = (
				83CBBA201A601CBA00E9B192 /* Debug */,
				83CBBA211A601CBA00E9B192 /* Release */,
			);
			defaultConfigurationIsVisible = 0;
			defaultConfigurationName = Release;
		};
/* End XCConfigurationList section */
	};
	rootObject = 83CBB9F71A601CBA00E9B192 /* Project object */;
}
